
Microsoft Visual Studio Solution File, Format Version 12.00
# Visual Studio 15
Project("{FAE04EC0-301F-11D3-BF4B-00C04F79EFBC}") = "Assembly-CSharp", "Assembly-CSharp.csproj", "{73965063-0C42-680A-6669-58F1E51D0C9B}"
EndProject
Project("{FAE04EC0-301F-11D3-BF4B-00C04F79EFBC}") = "DOTween.Modules", "DOTween.Modules.csproj", "{23E39A14-81DD-39B0-D9D9-5A4C38BA0AF2}"
EndProject
Global
	GlobalSection(SolutionConfigurationPlatforms) = preSolution
		Debug|Any CPU = Debug|Any CPU
		Release|Any CPU = Release|Any CPU
	EndGlobalSection
	GlobalSection(ProjectConfigurationPlatforms) = postSolution
		{73965063-0C42-680A-6669-58F1E51D0C9B}.Debug|Any CPU.ActiveCfg = Debug|Any CPU
		{73965063-0C42-680A-6669-58F1E51D0C9B}.Debug|Any CPU.Build.0 = Debug|Any CPU
		{73965063-0C42-680A-6669-58F1E51D0C9B}.Release|Any CPU.ActiveCfg = Release|Any CPU
		{73965063-0C42-680A-6669-58F1E51D0C9B}.Release|Any CPU.Build.0 = Release|Any CPU
		{23E39A14-81DD-39B0-D9D9-5A4C38BA0AF2}.Debug|Any CPU.ActiveCfg = Debug|Any CPU
		{23E39A14-81DD-39B0-D9D9-5A4C38BA0AF2}.Debug|Any CPU.Build.0 = Debug|Any CPU
		{23E39A14-81DD-39B0-D9D9-5A4C38BA0AF2}.Release|Any CPU.ActiveCfg = Release|Any CPU
		{23E39A14-81DD-39B0-D9D9-5A4C38BA0AF2}.Release|Any CPU.Build.0 = Release|Any CPU
	EndGlobalSection
	GlobalSection(SolutionProperties) = preSolution
		HideSolutionNode = FALSE
	EndGlobalSection
EndGlobal
